// !$*UTF8*$!
{
	archiveVersion = 1;
	classes = {
	};
	objectVersion = 55;
	objects = {

/* Begin PBXBuildFile section */
		650C582E27C9FF8E00EAB8B9 /* BriefProgressStatisticView.swift in Sources */ = {isa = PBXBuildFile; fileRef = 650C582D27C9FF8E00EAB8B9 /* BriefProgressStatisticView.swift */; };
		650C582F27C9FF8E00EAB8B9 /* BriefProgressStatisticView.swift in Sources */ = {isa = PBXBuildFile; fileRef = 650C582D27C9FF8E00EAB8B9 /* BriefProgressStatisticView.swift */; };
		650C583027C9FF8E00EAB8B9 /* BriefProgressStatisticView.swift in Sources */ = {isa = PBXBuildFile; fileRef = 650C582D27C9FF8E00EAB8B9 /* BriefProgressStatisticView.swift */; };
		650C583227CA200700EAB8B9 /* UIImageView+Factory.swift in Sources */ = {isa = PBXBuildFile; fileRef = 650C583127CA200700EAB8B9 /* UIImageView+Factory.swift */; };
		650C583327CA200700EAB8B9 /* UIImageView+Factory.swift in Sources */ = {isa = PBXBuildFile; fileRef = 650C583127CA200700EAB8B9 /* UIImageView+Factory.swift */; };
		650C583427CA200700EAB8B9 /* UIImageView+Factory.swift in Sources */ = {isa = PBXBuildFile; fileRef = 650C583127CA200700EAB8B9 /* UIImageView+Factory.swift */; };
		650C583827CA3F6C00EAB8B9 /* MainTabViewController.swift in Sources */ = {isa = PBXBuildFile; fileRef = 650C583727CA3F6C00EAB8B9 /* MainTabViewController.swift */; };
		650C583927CA3F6C00EAB8B9 /* MainTabViewController.swift in Sources */ = {isa = PBXBuildFile; fileRef = 650C583727CA3F6C00EAB8B9 /* MainTabViewController.swift */; };
		650C583A27CA3F6C00EAB8B9 /* MainTabViewController.swift in Sources */ = {isa = PBXBuildFile; fileRef = 650C583727CA3F6C00EAB8B9 /* MainTabViewController.swift */; };
		650C583C27CA40BF00EAB8B9 /* SettingsViewController.swift in Sources */ = {isa = PBXBuildFile; fileRef = 650C583B27CA40BF00EAB8B9 /* SettingsViewController.swift */; };
		650C583D27CA40BF00EAB8B9 /* SettingsViewController.swift in Sources */ = {isa = PBXBuildFile; fileRef = 650C583B27CA40BF00EAB8B9 /* SettingsViewController.swift */; };
		650C583E27CA40BF00EAB8B9 /* SettingsViewController.swift in Sources */ = {isa = PBXBuildFile; fileRef = 650C583B27CA40BF00EAB8B9 /* SettingsViewController.swift */; };
		650C584F27CBB0DE00EAB8B9 /* MainConstants.swift in Sources */ = {isa = PBXBuildFile; fileRef = 650C584E27CBB0DE00EAB8B9 /* MainConstants.swift */; };
		650C585027CBB0DE00EAB8B9 /* MainConstants.swift in Sources */ = {isa = PBXBuildFile; fileRef = 650C584E27CBB0DE00EAB8B9 /* MainConstants.swift */; };
		650C585127CBB0DE00EAB8B9 /* MainConstants.swift in Sources */ = {isa = PBXBuildFile; fileRef = 650C584E27CBB0DE00EAB8B9 /* MainConstants.swift */; };
		650C585327CBC78500EAB8B9 /* UIButton+Factory.swift in Sources */ = {isa = PBXBuildFile; fileRef = 650C585227CBC78500EAB8B9 /* UIButton+Factory.swift */; };
		650C585427CBC78500EAB8B9 /* UIButton+Factory.swift in Sources */ = {isa = PBXBuildFile; fileRef = 650C585227CBC78500EAB8B9 /* UIButton+Factory.swift */; };
		650C585527CBC78500EAB8B9 /* UIButton+Factory.swift in Sources */ = {isa = PBXBuildFile; fileRef = 650C585227CBC78500EAB8B9 /* UIButton+Factory.swift */; };
		650C585727CBE60B00EAB8B9 /* Assets.xcassets in Resources */ = {isa = PBXBuildFile; fileRef = 650C585627CBE60B00EAB8B9 /* Assets.xcassets */; };
		650C585827CBE60B00EAB8B9 /* Assets.xcassets in Resources */ = {isa = PBXBuildFile; fileRef = 650C585627CBE60B00EAB8B9 /* Assets.xcassets */; };
		650C585927CBE60B00EAB8B9 /* Assets.xcassets in Resources */ = {isa = PBXBuildFile; fileRef = 650C585627CBE60B00EAB8B9 /* Assets.xcassets */; };
		65104AE927C97D6400926559 /* UIStackView+Extensions.swift in Sources */ = {isa = PBXBuildFile; fileRef = 65104AE827C97D6400926559 /* UIStackView+Extensions.swift */; };
		65104AEA27C97D6400926559 /* UIStackView+Extensions.swift in Sources */ = {isa = PBXBuildFile; fileRef = 65104AE827C97D6400926559 /* UIStackView+Extensions.swift */; };
		65104AEB27C97D6400926559 /* UIStackView+Extensions.swift in Sources */ = {isa = PBXBuildFile; fileRef = 65104AE827C97D6400926559 /* UIStackView+Extensions.swift */; };
		65104AEE27C982BF00926559 /* TodayAlarmTimeView.swift in Sources */ = {isa = PBXBuildFile; fileRef = 65104AED27C982BF00926559 /* TodayAlarmTimeView.swift */; };
		65104AEF27C982BF00926559 /* TodayAlarmTimeView.swift in Sources */ = {isa = PBXBuildFile; fileRef = 65104AED27C982BF00926559 /* TodayAlarmTimeView.swift */; };
		65104AF027C982BF00926559 /* TodayAlarmTimeView.swift in Sources */ = {isa = PBXBuildFile; fileRef = 65104AED27C982BF00926559 /* TodayAlarmTimeView.swift */; };
		65104AF227C985F100926559 /* UILabel+Extension.swift in Sources */ = {isa = PBXBuildFile; fileRef = 65104AF127C985F100926559 /* UILabel+Extension.swift */; };
		65104AF327C985F100926559 /* UILabel+Extension.swift in Sources */ = {isa = PBXBuildFile; fileRef = 65104AF127C985F100926559 /* UILabel+Extension.swift */; };
		65104AF427C985F100926559 /* UILabel+Extension.swift in Sources */ = {isa = PBXBuildFile; fileRef = 65104AF127C985F100926559 /* UILabel+Extension.swift */; };
		65104AF627C987C000926559 /* UIView+Extensions.swift in Sources */ = {isa = PBXBuildFile; fileRef = 65104AF527C987C000926559 /* UIView+Extensions.swift */; };
		65104AF727C987C000926559 /* UIView+Extensions.swift in Sources */ = {isa = PBXBuildFile; fileRef = 65104AF527C987C000926559 /* UIView+Extensions.swift */; };
		65104AF827C987C000926559 /* UIView+Extensions.swift in Sources */ = {isa = PBXBuildFile; fileRef = 65104AF527C987C000926559 /* UIView+Extensions.swift */; };
		6589034727C753DC001A76B9 /* AppDelegate.swift in Sources */ = {isa = PBXBuildFile; fileRef = 6589034627C753DC001A76B9 /* AppDelegate.swift */; };
		6589034927C753DC001A76B9 /* SceneDelegate.swift in Sources */ = {isa = PBXBuildFile; fileRef = 6589034827C753DC001A76B9 /* SceneDelegate.swift */; };
		6589034B27C753DC001A76B9 /* MainViewController.swift in Sources */ = {isa = PBXBuildFile; fileRef = 6589034A27C753DC001A76B9 /* MainViewController.swift */; };
		6589035327C753E1001A76B9 /* LaunchScreen.storyboard in Resources */ = {isa = PBXBuildFile; fileRef = 6589035127C753E1001A76B9 /* LaunchScreen.storyboard */; };
		6589035E27C753E2001A76B9 /* EarlierBirdTests.swift in Sources */ = {isa = PBXBuildFile; fileRef = 6589035D27C753E2001A76B9 /* EarlierBirdTests.swift */; };
		6589036827C753E2001A76B9 /* EarlierBirdUITests.swift in Sources */ = {isa = PBXBuildFile; fileRef = 6589036727C753E2001A76B9 /* EarlierBirdUITests.swift */; };
		6589036A27C753E2001A76B9 /* EarlierBirdUITestsLaunchTests.swift in Sources */ = {isa = PBXBuildFile; fileRef = 6589036927C753E2001A76B9 /* EarlierBirdUITestsLaunchTests.swift */; };
		659768BA27C7A52000D29318 /* UIColor+Extensions.swift in Sources */ = {isa = PBXBuildFile; fileRef = 659768B927C7A52000D29318 /* UIColor+Extensions.swift */; };
		659768BE27C7AE6600D29318 /* Roboto-Bold.ttf in Resources */ = {isa = PBXBuildFile; fileRef = 659768BC27C7AE6600D29318 /* Roboto-Bold.ttf */; };
		659768BF27C7AE6600D29318 /* Roboto-Bold.ttf in Resources */ = {isa = PBXBuildFile; fileRef = 659768BC27C7AE6600D29318 /* Roboto-Bold.ttf */; };
		659768C027C7AE6600D29318 /* Roboto-Bold.ttf in Resources */ = {isa = PBXBuildFile; fileRef = 659768BC27C7AE6600D29318 /* Roboto-Bold.ttf */; };
		659768C127C7AE6600D29318 /* Roboto-Medium.ttf in Resources */ = {isa = PBXBuildFile; fileRef = 659768BD27C7AE6600D29318 /* Roboto-Medium.ttf */; };
		659768C227C7AE6600D29318 /* Roboto-Medium.ttf in Resources */ = {isa = PBXBuildFile; fileRef = 659768BD27C7AE6600D29318 /* Roboto-Medium.ttf */; };
		659768C327C7AE6600D29318 /* Roboto-Medium.ttf in Resources */ = {isa = PBXBuildFile; fileRef = 659768BD27C7AE6600D29318 /* Roboto-Medium.ttf */; };
		659768C527C7AE9400D29318 /* Rubik-Bold.ttf in Resources */ = {isa = PBXBuildFile; fileRef = 659768C427C7AE9400D29318 /* Rubik-Bold.ttf */; };
		659768C627C7AE9400D29318 /* Rubik-Bold.ttf in Resources */ = {isa = PBXBuildFile; fileRef = 659768C427C7AE9400D29318 /* Rubik-Bold.ttf */; };
		659768C727C7AE9400D29318 /* Rubik-Bold.ttf in Resources */ = {isa = PBXBuildFile; fileRef = 659768C427C7AE9400D29318 /* Rubik-Bold.ttf */; };
		659768C927C7AF4000D29318 /* UIFont+Extensions.swift in Sources */ = {isa = PBXBuildFile; fileRef = 659768C827C7AF4000D29318 /* UIFont+Extensions.swift */; };
		659768CA27C7AF4000D29318 /* UIFont+Extensions.swift in Sources */ = {isa = PBXBuildFile; fileRef = 659768C827C7AF4000D29318 /* UIFont+Extensions.swift */; };
		659768CB27C7AF4000D29318 /* UIFont+Extensions.swift in Sources */ = {isa = PBXBuildFile; fileRef = 659768C827C7AF4000D29318 /* UIFont+Extensions.swift */; };
/* End PBXBuildFile section */

/* Begin PBXContainerItemProxy section */
		6589035A27C753E2001A76B9 /* PBXContainerItemProxy */ = {
			isa = PBXContainerItemProxy;
			containerPortal = 6589033B27C753DC001A76B9 /* Project object */;
			proxyType = 1;
			remoteGlobalIDString = 6589034227C753DC001A76B9;
			remoteInfo = ErlierBird;
		};
		6589036427C753E2001A76B9 /* PBXContainerItemProxy */ = {
			isa = PBXContainerItemProxy;
			containerPortal = 6589033B27C753DC001A76B9 /* Project object */;
			proxyType = 1;
			remoteGlobalIDString = 6589034227C753DC001A76B9;
			remoteInfo = ErlierBird;
		};
/* End PBXContainerItemProxy section */

/* Begin PBXFileReference section */
		650C582D27C9FF8E00EAB8B9 /* BriefProgressStatisticView.swift */ = {isa = PBXFileReference; lastKnownFileType = sourcecode.swift; path = BriefProgressStatisticView.swift; sourceTree = "<group>"; };
		650C583127CA200700EAB8B9 /* UIImageView+Factory.swift */ = {isa = PBXFileReference; lastKnownFileType = sourcecode.swift; path = "UIImageView+Factory.swift"; sourceTree = "<group>"; };
		650C583727CA3F6C00EAB8B9 /* MainTabViewController.swift */ = {isa = PBXFileReference; lastKnownFileType = sourcecode.swift; path = MainTabViewController.swift; sourceTree = "<group>"; };
		650C583B27CA40BF00EAB8B9 /* SettingsViewController.swift */ = {isa = PBXFileReference; lastKnownFileType = sourcecode.swift; path = SettingsViewController.swift; sourceTree = "<group>"; };
		650C584E27CBB0DE00EAB8B9 /* MainConstants.swift */ = {isa = PBXFileReference; lastKnownFileType = sourcecode.swift; path = MainConstants.swift; sourceTree = "<group>"; };
		650C585227CBC78500EAB8B9 /* UIButton+Factory.swift */ = {isa = PBXFileReference; lastKnownFileType = sourcecode.swift; path = "UIButton+Factory.swift"; sourceTree = "<group>"; };
		650C585627CBE60B00EAB8B9 /* Assets.xcassets */ = {isa = PBXFileReference; lastKnownFileType = folder.assetcatalog; name = Assets.xcassets; path = EarlierBird/Resources/Assets.xcassets; sourceTree = SOURCE_ROOT; };
		65104AE827C97D6400926559 /* UIStackView+Extensions.swift */ = {isa = PBXFileReference; lastKnownFileType = sourcecode.swift; path = "UIStackView+Extensions.swift"; sourceTree = "<group>"; };
		65104AED27C982BF00926559 /* TodayAlarmTimeView.swift */ = {isa = PBXFileReference; lastKnownFileType = sourcecode.swift; path = TodayAlarmTimeView.swift; sourceTree = "<group>"; };
		65104AF127C985F100926559 /* UILabel+Extension.swift */ = {isa = PBXFileReference; lastKnownFileType = sourcecode.swift; path = "UILabel+Extension.swift"; sourceTree = "<group>"; };
		65104AF527C987C000926559 /* UIView+Extensions.swift */ = {isa = PBXFileReference; lastKnownFileType = sourcecode.swift; path = "UIView+Extensions.swift"; sourceTree = "<group>"; };
		6589034327C753DC001A76B9 /* EarlierBird.app */ = {isa = PBXFileReference; explicitFileType = wrapper.application; includeInIndex = 0; path = EarlierBird.app; sourceTree = BUILT_PRODUCTS_DIR; };
		6589034627C753DC001A76B9 /* AppDelegate.swift */ = {isa = PBXFileReference; lastKnownFileType = sourcecode.swift; path = AppDelegate.swift; sourceTree = "<group>"; };
		6589034827C753DC001A76B9 /* SceneDelegate.swift */ = {isa = PBXFileReference; lastKnownFileType = sourcecode.swift; path = SceneDelegate.swift; sourceTree = "<group>"; };
		6589034A27C753DC001A76B9 /* MainViewController.swift */ = {isa = PBXFileReference; lastKnownFileType = sourcecode.swift; path = MainViewController.swift; sourceTree = "<group>"; };
		6589035227C753E1001A76B9 /* Base */ = {isa = PBXFileReference; lastKnownFileType = file.storyboard; name = Base; path = Base.lproj/LaunchScreen.storyboard; sourceTree = "<group>"; };
		6589035427C753E1001A76B9 /* Info.plist */ = {isa = PBXFileReference; lastKnownFileType = text.plist.xml; path = Info.plist; sourceTree = "<group>"; };
		6589035927C753E2001A76B9 /* EarlierBirdTests.xctest */ = {isa = PBXFileReference; explicitFileType = wrapper.cfbundle; includeInIndex = 0; path = EarlierBirdTests.xctest; sourceTree = BUILT_PRODUCTS_DIR; };
		6589035D27C753E2001A76B9 /* EarlierBirdTests.swift */ = {isa = PBXFileReference; lastKnownFileType = sourcecode.swift; path = EarlierBirdTests.swift; sourceTree = "<group>"; };
		6589036327C753E2001A76B9 /* EarlierBirdUITests.xctest */ = {isa = PBXFileReference; explicitFileType = wrapper.cfbundle; includeInIndex = 0; path = EarlierBirdUITests.xctest; sourceTree = BUILT_PRODUCTS_DIR; };
		6589036727C753E2001A76B9 /* EarlierBirdUITests.swift */ = {isa = PBXFileReference; lastKnownFileType = sourcecode.swift; path = EarlierBirdUITests.swift; sourceTree = "<group>"; };
		6589036927C753E2001A76B9 /* EarlierBirdUITestsLaunchTests.swift */ = {isa = PBXFileReference; lastKnownFileType = sourcecode.swift; path = EarlierBirdUITestsLaunchTests.swift; sourceTree = "<group>"; };
		659768B927C7A52000D29318 /* UIColor+Extensions.swift */ = {isa = PBXFileReference; lastKnownFileType = sourcecode.swift; path = "UIColor+Extensions.swift"; sourceTree = "<group>"; };
		659768BC27C7AE6600D29318 /* Roboto-Bold.ttf */ = {isa = PBXFileReference; lastKnownFileType = file; path = "Roboto-Bold.ttf"; sourceTree = "<group>"; };
		659768BD27C7AE6600D29318 /* Roboto-Medium.ttf */ = {isa = PBXFileReference; lastKnownFileType = file; path = "Roboto-Medium.ttf"; sourceTree = "<group>"; };
		659768C427C7AE9400D29318 /* Rubik-Bold.ttf */ = {isa = PBXFileReference; lastKnownFileType = file; path = "Rubik-Bold.ttf"; sourceTree = "<group>"; };
		659768C827C7AF4000D29318 /* UIFont+Extensions.swift */ = {isa = PBXFileReference; lastKnownFileType = sourcecode.swift; path = "UIFont+Extensions.swift"; sourceTree = "<group>"; };
/* End PBXFileReference section */

/* Begin PBXFrameworksBuildPhase section */
		6589034027C753DC001A76B9 /* Frameworks */ = {
			isa = PBXFrameworksBuildPhase;
			buildActionMask = 2147483647;
			files = (
			);
			runOnlyForDeploymentPostprocessing = 0;
		};
		6589035627C753E2001A76B9 /* Frameworks */ = {
			isa = PBXFrameworksBuildPhase;
			buildActionMask = 2147483647;
			files = (
			);
			runOnlyForDeploymentPostprocessing = 0;
		};
		6589036027C753E2001A76B9 /* Frameworks */ = {
			isa = PBXFrameworksBuildPhase;
			buildActionMask = 2147483647;
			files = (
			);
			runOnlyForDeploymentPostprocessing = 0;
		};
/* End PBXFrameworksBuildPhase section */

/* Begin PBXGroup section */
		650C584D27CBB0CB00EAB8B9 /* Constants */ = {
			isa = PBXGroup;
			children = (
				650C584E27CBB0DE00EAB8B9 /* MainConstants.swift */,
			);
			path = Constants;
			sourceTree = "<group>";
		};
		65104AEC27C9828700926559 /* MainVC */ = {
			isa = PBXGroup;
			children = (
				65104AED27C982BF00926559 /* TodayAlarmTimeView.swift */,
				650C582D27C9FF8E00EAB8B9 /* BriefProgressStatisticView.swift */,
			);
			path = MainVC;
			sourceTree = "<group>";
		};
		6589033A27C753DC001A76B9 = {
			isa = PBXGroup;
			children = (
				6589034527C753DC001A76B9 /* EarlierBird */,
				6589035C27C753E2001A76B9 /* EarlierBirdTests */,
				6589036627C753E2001A76B9 /* EarlierBirdUITests */,
				6589034427C753DC001A76B9 /* Products */,
			);
			sourceTree = "<group>";
		};
		6589034427C753DC001A76B9 /* Products */ = {
			isa = PBXGroup;
			children = (
				6589034327C753DC001A76B9 /* EarlierBird.app */,
				6589035927C753E2001A76B9 /* EarlierBirdTests.xctest */,
				6589036327C753E2001A76B9 /* EarlierBirdUITests.xctest */,
			);
			name = Products;
			sourceTree = "<group>";
		};
		6589034527C753DC001A76B9 /* EarlierBird */ = {
			isa = PBXGroup;
			children = (
				650C584D27CBB0CB00EAB8B9 /* Constants */,
				659768B627C7922E00D29318 /* Application */,
				65A34A8427C93AA900AF937E /* Views */,
				65A34A8327C93A9A00AF937E /* Controllers */,
				659768B827C7A4D600D29318 /* Extensions */,
				659768B727C7925500D29318 /* Resources */,
			);
			path = EarlierBird;
			sourceTree = "<group>";
		};
		6589035C27C753E2001A76B9 /* EarlierBirdTests */ = {
			isa = PBXGroup;
			children = (
				6589035D27C753E2001A76B9 /* EarlierBirdTests.swift */,
			);
			path = EarlierBirdTests;
			sourceTree = "<group>";
		};
		6589036627C753E2001A76B9 /* EarlierBirdUITests */ = {
			isa = PBXGroup;
			children = (
				6589036727C753E2001A76B9 /* EarlierBirdUITests.swift */,
				6589036927C753E2001A76B9 /* EarlierBirdUITestsLaunchTests.swift */,
			);
			path = EarlierBirdUITests;
			sourceTree = "<group>";
		};
		659768B627C7922E00D29318 /* Application */ = {
			isa = PBXGroup;
			children = (
				6589034627C753DC001A76B9 /* AppDelegate.swift */,
				6589034827C753DC001A76B9 /* SceneDelegate.swift */,
			);
			path = Application;
			sourceTree = "<group>";
		};
		659768B727C7925500D29318 /* Resources */ = {
			isa = PBXGroup;
			children = (
				659768BB27C7AD2800D29318 /* Fonts */,
				650C585627CBE60B00EAB8B9 /* Assets.xcassets */,
				6589035127C753E1001A76B9 /* LaunchScreen.storyboard */,
				6589035427C753E1001A76B9 /* Info.plist */,
			);
			path = Resources;
			sourceTree = "<group>";
		};
		659768B827C7A4D600D29318 /* Extensions */ = {
			isa = PBXGroup;
			children = (
				659768B927C7A52000D29318 /* UIColor+Extensions.swift */,
				65104AF127C985F100926559 /* UILabel+Extension.swift */,
				659768C827C7AF4000D29318 /* UIFont+Extensions.swift */,
				65104AE827C97D6400926559 /* UIStackView+Extensions.swift */,
				65104AF527C987C000926559 /* UIView+Extensions.swift */,
				650C583127CA200700EAB8B9 /* UIImageView+Factory.swift */,
				650C585227CBC78500EAB8B9 /* UIButton+Factory.swift */,
			);
			path = Extensions;
			sourceTree = "<group>";
		};
		659768BB27C7AD2800D29318 /* Fonts */ = {
			isa = PBXGroup;
			children = (
				659768C427C7AE9400D29318 /* Rubik-Bold.ttf */,
				659768BC27C7AE6600D29318 /* Roboto-Bold.ttf */,
				659768BD27C7AE6600D29318 /* Roboto-Medium.ttf */,
			);
			path = Fonts;
			sourceTree = "<group>";
		};
		65A34A8327C93A9A00AF937E /* Controllers */ = {
			isa = PBXGroup;
			children = (
				650C583727CA3F6C00EAB8B9 /* MainTabViewController.swift */,
				6589034A27C753DC001A76B9 /* MainViewController.swift */,
				650C583B27CA40BF00EAB8B9 /* SettingsViewController.swift */,
			);
			path = Controllers;
			sourceTree = "<group>";
		};
		65A34A8427C93AA900AF937E /* Views */ = {
			isa = PBXGroup;
			children = (
				65104AEC27C9828700926559 /* MainVC */,
			);
			path = Views;
			sourceTree = "<group>";
		};
/* End PBXGroup section */

/* Begin PBXNativeTarget section */
		6589034227C753DC001A76B9 /* EarlierBird */ = {
			isa = PBXNativeTarget;
			buildConfigurationList = 6589036D27C753E2001A76B9 /* Build configuration list for PBXNativeTarget "EarlierBird" */;
			buildPhases = (
				6589033F27C753DC001A76B9 /* Sources */,
				6589034027C753DC001A76B9 /* Frameworks */,
				6589034127C753DC001A76B9 /* Resources */,
			);
			buildRules = (
			);
			dependencies = (
			);
			name = EarlierBird;
			productName = ErlierBird;
			productReference = 6589034327C753DC001A76B9 /* EarlierBird.app */;
			productType = "com.apple.product-type.application";
		};
		6589035827C753E2001A76B9 /* EarlierBirdTests */ = {
			isa = PBXNativeTarget;
			buildConfigurationList = 6589037027C753E2001A76B9 /* Build configuration list for PBXNativeTarget "EarlierBirdTests" */;
			buildPhases = (
				6589035527C753E2001A76B9 /* Sources */,
				6589035627C753E2001A76B9 /* Frameworks */,
				6589035727C753E2001A76B9 /* Resources */,
			);
			buildRules = (
			);
			dependencies = (
				6589035B27C753E2001A76B9 /* PBXTargetDependency */,
			);
			name = EarlierBirdTests;
			productName = ErlierBirdTests;
			productReference = 6589035927C753E2001A76B9 /* EarlierBirdTests.xctest */;
			productType = "com.apple.product-type.bundle.unit-test";
		};
		6589036227C753E2001A76B9 /* EarlierBirdUITests */ = {
			isa = PBXNativeTarget;
			buildConfigurationList = 6589037327C753E2001A76B9 /* Build configuration list for PBXNativeTarget "EarlierBirdUITests" */;
			buildPhases = (
				6589035F27C753E2001A76B9 /* Sources */,
				6589036027C753E2001A76B9 /* Frameworks */,
				6589036127C753E2001A76B9 /* Resources */,
			);
			buildRules = (
			);
			dependencies = (
				6589036527C753E2001A76B9 /* PBXTargetDependency */,
			);
			name = EarlierBirdUITests;
			productName = ErlierBirdUITests;
			productReference = 6589036327C753E2001A76B9 /* EarlierBirdUITests.xctest */;
			productType = "com.apple.product-type.bundle.ui-testing";
		};
/* End PBXNativeTarget section */

/* Begin PBXProject section */
		6589033B27C753DC001A76B9 /* Project object */ = {
			isa = PBXProject;
			attributes = {
				BuildIndependentTargetsInParallel = 1;
				LastSwiftUpdateCheck = 1320;
				LastUpgradeCheck = 1320;
				TargetAttributes = {
					6589034227C753DC001A76B9 = {
						CreatedOnToolsVersion = 13.2.1;
					};
					6589035827C753E2001A76B9 = {
						CreatedOnToolsVersion = 13.2.1;
						TestTargetID = 6589034227C753DC001A76B9;
					};
					6589036227C753E2001A76B9 = {
						CreatedOnToolsVersion = 13.2.1;
						TestTargetID = 6589034227C753DC001A76B9;
					};
				};
			};
			buildConfigurationList = 6589033E27C753DC001A76B9 /* Build configuration list for PBXProject "EarlierBird" */;
			compatibilityVersion = "Xcode 13.0";
			developmentRegion = en;
			hasScannedForEncodings = 0;
			knownRegions = (
				en,
				Base,
			);
			mainGroup = 6589033A27C753DC001A76B9;
			productRefGroup = 6589034427C753DC001A76B9 /* Products */;
			projectDirPath = "";
			projectRoot = "";
			targets = (
				6589034227C753DC001A76B9 /* EarlierBird */,
				6589035827C753E2001A76B9 /* EarlierBirdTests */,
				6589036227C753E2001A76B9 /* EarlierBirdUITests */,
			);
		};
/* End PBXProject section */

/* Begin PBXResourcesBuildPhase section */
		6589034127C753DC001A76B9 /* Resources */ = {
			isa = PBXResourcesBuildPhase;
			buildActionMask = 2147483647;
			files = (
				659768C127C7AE6600D29318 /* Roboto-Medium.ttf in Resources */,
				6589035327C753E1001A76B9 /* LaunchScreen.storyboard in Resources */,
				659768BE27C7AE6600D29318 /* Roboto-Bold.ttf in Resources */,
				659768C527C7AE9400D29318 /* Rubik-Bold.ttf in Resources */,
				650C585727CBE60B00EAB8B9 /* Assets.xcassets in Resources */,
			);
			runOnlyForDeploymentPostprocessing = 0;
		};
		6589035727C753E2001A76B9 /* Resources */ = {
			isa = PBXResourcesBuildPhase;
			buildActionMask = 2147483647;
			files = (
				659768C227C7AE6600D29318 /* Roboto-Medium.ttf in Resources */,
				659768C627C7AE9400D29318 /* Rubik-Bold.ttf in Resources */,
				650C585827CBE60B00EAB8B9 /* Assets.xcassets in Resources */,
				659768BF27C7AE6600D29318 /* Roboto-Bold.ttf in Resources */,
			);
			runOnlyForDeploymentPostprocessing = 0;
		};
		6589036127C753E2001A76B9 /* Resources */ = {
			isa = PBXResourcesBuildPhase;
			buildActionMask = 2147483647;
			files = (
				659768C327C7AE6600D29318 /* Roboto-Medium.ttf in Resources */,
				659768C727C7AE9400D29318 /* Rubik-Bold.ttf in Resources */,
				650C585927CBE60B00EAB8B9 /* Assets.xcassets in Resources */,
				659768C027C7AE6600D29318 /* Roboto-Bold.ttf in Resources */,
			);
			runOnlyForDeploymentPostprocessing = 0;
		};
/* End PBXResourcesBuildPhase section */

/* Begin PBXSourcesBuildPhase section */
		6589033F27C753DC001A76B9 /* Sources */ = {
			isa = PBXSourcesBuildPhase;
			buildActionMask = 2147483647;
			files = (
				6589034B27C753DC001A76B9 /* MainViewController.swift in Sources */,
				65104AE927C97D6400926559 /* UIStackView+Extensions.swift in Sources */,
				65104AF227C985F100926559 /* UILabel+Extension.swift in Sources */,
				650C585327CBC78500EAB8B9 /* UIButton+Factory.swift in Sources */,
				650C584F27CBB0DE00EAB8B9 /* MainConstants.swift in Sources */,
				659768BA27C7A52000D29318 /* UIColor+Extensions.swift in Sources */,
				650C582E27C9FF8E00EAB8B9 /* BriefProgressStatisticView.swift in Sources */,
				650C583827CA3F6C00EAB8B9 /* MainTabViewController.swift in Sources */,
				659768C927C7AF4000D29318 /* UIFont+Extensions.swift in Sources */,
				6589034727C753DC001A76B9 /* AppDelegate.swift in Sources */,
				6589034927C753DC001A76B9 /* SceneDelegate.swift in Sources */,
				65104AF627C987C000926559 /* UIView+Extensions.swift in Sources */,
				650C583C27CA40BF00EAB8B9 /* SettingsViewController.swift in Sources */,
				65104AEE27C982BF00926559 /* TodayAlarmTimeView.swift in Sources */,
				650C583227CA200700EAB8B9 /* UIImageView+Factory.swift in Sources */,
			);
			runOnlyForDeploymentPostprocessing = 0;
		};
		6589035527C753E2001A76B9 /* Sources */ = {
			isa = PBXSourcesBuildPhase;
			buildActionMask = 2147483647;
			files = (
				659768CA27C7AF4000D29318 /* UIFont+Extensions.swift in Sources */,
				65104AF327C985F100926559 /* UILabel+Extension.swift in Sources */,
				650C583327CA200700EAB8B9 /* UIImageView+Factory.swift in Sources */,
				650C583D27CA40BF00EAB8B9 /* SettingsViewController.swift in Sources */,
				65104AEA27C97D6400926559 /* UIStackView+Extensions.swift in Sources */,
				6589035E27C753E2001A76B9 /* EarlierBirdTests.swift in Sources */,
				650C585427CBC78500EAB8B9 /* UIButton+Factory.swift in Sources */,
				65104AF727C987C000926559 /* UIView+Extensions.swift in Sources */,
				650C582F27C9FF8E00EAB8B9 /* BriefProgressStatisticView.swift in Sources */,
				65104AEF27C982BF00926559 /* TodayAlarmTimeView.swift in Sources */,
				650C583927CA3F6C00EAB8B9 /* MainTabViewController.swift in Sources */,
				650C585027CBB0DE00EAB8B9 /* MainConstants.swift in Sources */,
			);
			runOnlyForDeploymentPostprocessing = 0;
		};
		6589035F27C753E2001A76B9 /* Sources */ = {
			isa = PBXSourcesBuildPhase;
			buildActionMask = 2147483647;
			files = (
				650C585527CBC78500EAB8B9 /* UIButton+Factory.swift in Sources */,
				65104AF827C987C000926559 /* UIView+Extensions.swift in Sources */,
				65104AF427C985F100926559 /* UILabel+Extension.swift in Sources */,
				650C583E27CA40BF00EAB8B9 /* SettingsViewController.swift in Sources */,
				650C585127CBB0DE00EAB8B9 /* MainConstants.swift in Sources */,
				659768CB27C7AF4000D29318 /* UIFont+Extensions.swift in Sources */,
				6589036A27C753E2001A76B9 /* EarlierBirdUITestsLaunchTests.swift in Sources */,
				650C583427CA200700EAB8B9 /* UIImageView+Factory.swift in Sources */,
				650C583A27CA3F6C00EAB8B9 /* MainTabViewController.swift in Sources */,
				650C583027C9FF8E00EAB8B9 /* BriefProgressStatisticView.swift in Sources */,
				6589036827C753E2001A76B9 /* EarlierBirdUITests.swift in Sources */,
				65104AEB27C97D6400926559 /* UIStackView+Extensions.swift in Sources */,
				65104AF027C982BF00926559 /* TodayAlarmTimeView.swift in Sources */,
			);
			runOnlyForDeploymentPostprocessing = 0;
		};
/* End PBXSourcesBuildPhase section */

/* Begin PBXTargetDependency section */
		6589035B27C753E2001A76B9 /* PBXTargetDependency */ = {
			isa = PBXTargetDependency;
			target = 6589034227C753DC001A76B9 /* EarlierBird */;
			targetProxy = 6589035A27C753E2001A76B9 /* PBXContainerItemProxy */;
		};
		6589036527C753E2001A76B9 /* PBXTargetDependency */ = {
			isa = PBXTargetDependency;
			target = 6589034227C753DC001A76B9 /* EarlierBird */;
			targetProxy = 6589036427C753E2001A76B9 /* PBXContainerItemProxy */;
		};
/* End PBXTargetDependency section */

/* Begin PBXVariantGroup section */
		6589035127C753E1001A76B9 /* LaunchScreen.storyboard */ = {
			isa = PBXVariantGroup;
			children = (
				6589035227C753E1001A76B9 /* Base */,
			);
			name = LaunchScreen.storyboard;
			sourceTree = "<group>";
		};
/* End PBXVariantGroup section */

/* Begin XCBuildConfiguration section */
		6589036B27C753E2001A76B9 /* Debug */ = {
			isa = XCBuildConfiguration;
			buildSettings = {
				ALWAYS_SEARCH_USER_PATHS = NO;
				CLANG_ANALYZER_NONNULL = YES;
				CLANG_ANALYZER_NUMBER_OBJECT_CONVERSION = YES_AGGRESSIVE;
				CLANG_CXX_LANGUAGE_STANDARD = "gnu++17";
				CLANG_CXX_LIBRARY = "libc++";
				CLANG_ENABLE_MODULES = YES;
				CLANG_ENABLE_OBJC_ARC = YES;
				CLANG_ENABLE_OBJC_WEAK = YES;
				CLANG_WARN_BLOCK_CAPTURE_AUTORELEASING = YES;
				CLANG_WARN_BOOL_CONVERSION = YES;
				CLANG_WARN_COMMA = YES;
				CLANG_WARN_CONSTANT_CONVERSION = YES;
				CLANG_WARN_DEPRECATED_OBJC_IMPLEMENTATIONS = YES;
				CLANG_WARN_DIRECT_OBJC_ISA_USAGE = YES_ERROR;
				CLANG_WARN_DOCUMENTATION_COMMENTS = YES;
				CLANG_WARN_EMPTY_BODY = YES;
				CLANG_WARN_ENUM_CONVERSION = YES;
				CLANG_WARN_INFINITE_RECURSION = YES;
				CLANG_WARN_INT_CONVERSION = YES;
				CLANG_WARN_NON_LITERAL_NULL_CONVERSION = YES;
				CLANG_WARN_OBJC_IMPLICIT_RETAIN_SELF = YES;
				CLANG_WARN_OBJC_LITERAL_CONVERSION = YES;
				CLANG_WARN_OBJC_ROOT_CLASS = YES_ERROR;
				CLANG_WARN_QUOTED_INCLUDE_IN_FRAMEWORK_HEADER = YES;
				CLANG_WARN_RANGE_LOOP_ANALYSIS = YES;
				CLANG_WARN_STRICT_PROTOTYPES = YES;
				CLANG_WARN_SUSPICIOUS_MOVE = YES;
				CLANG_WARN_UNGUARDED_AVAILABILITY = YES_AGGRESSIVE;
				CLANG_WARN_UNREACHABLE_CODE = YES;
				CLANG_WARN__DUPLICATE_METHOD_MATCH = YES;
				COPY_PHASE_STRIP = NO;
				DEBUG_INFORMATION_FORMAT = dwarf;
				ENABLE_STRICT_OBJC_MSGSEND = YES;
				ENABLE_TESTABILITY = YES;
				GCC_C_LANGUAGE_STANDARD = gnu11;
				GCC_DYNAMIC_NO_PIC = NO;
				GCC_NO_COMMON_BLOCKS = YES;
				GCC_OPTIMIZATION_LEVEL = 0;
				GCC_PREPROCESSOR_DEFINITIONS = (
					"DEBUG=1",
					"$(inherited)",
				);
				GCC_WARN_64_TO_32_BIT_CONVERSION = YES;
				GCC_WARN_ABOUT_RETURN_TYPE = YES_ERROR;
				GCC_WARN_UNDECLARED_SELECTOR = YES;
				GCC_WARN_UNINITIALIZED_AUTOS = YES_AGGRESSIVE;
				GCC_WARN_UNUSED_FUNCTION = YES;
				GCC_WARN_UNUSED_VARIABLE = YES;
				IPHONEOS_DEPLOYMENT_TARGET = 15.2;
				MTL_ENABLE_DEBUG_INFO = INCLUDE_SOURCE;
				MTL_FAST_MATH = YES;
				ONLY_ACTIVE_ARCH = YES;
				SDKROOT = iphoneos;
				SWIFT_ACTIVE_COMPILATION_CONDITIONS = DEBUG;
				SWIFT_OPTIMIZATION_LEVEL = "-Onone";
			};
			name = Debug;
		};
		6589036C27C753E2001A76B9 /* Release */ = {
			isa = XCBuildConfiguration;
			buildSettings = {
				ALWAYS_SEARCH_USER_PATHS = NO;
				CLANG_ANALYZER_NONNULL = YES;
				CLANG_ANALYZER_NUMBER_OBJECT_CONVERSION = YES_AGGRESSIVE;
				CLANG_CXX_LANGUAGE_STANDARD = "gnu++17";
				CLANG_CXX_LIBRARY = "libc++";
				CLANG_ENABLE_MODULES = YES;
				CLANG_ENABLE_OBJC_ARC = YES;
				CLANG_ENABLE_OBJC_WEAK = YES;
				CLANG_WARN_BLOCK_CAPTURE_AUTORELEASING = YES;
				CLANG_WARN_BOOL_CONVERSION = YES;
				CLANG_WARN_COMMA = YES;
				CLANG_WARN_CONSTANT_CONVERSION = YES;
				CLANG_WARN_DEPRECATED_OBJC_IMPLEMENTATIONS = YES;
				CLANG_WARN_DIRECT_OBJC_ISA_USAGE = YES_ERROR;
				CLANG_WARN_DOCUMENTATION_COMMENTS = YES;
				CLANG_WARN_EMPTY_BODY = YES;
				CLANG_WARN_ENUM_CONVERSION = YES;
				CLANG_WARN_INFINITE_RECURSION = YES;
				CLANG_WARN_INT_CONVERSION = YES;
				CLANG_WARN_NON_LITERAL_NULL_CONVERSION = YES;
				CLANG_WARN_OBJC_IMPLICIT_RETAIN_SELF = YES;
				CLANG_WARN_OBJC_LITERAL_CONVERSION = YES;
				CLANG_WARN_OBJC_ROOT_CLASS = YES_ERROR;
				CLANG_WARN_QUOTED_INCLUDE_IN_FRAMEWORK_HEADER = YES;
				CLANG_WARN_RANGE_LOOP_ANALYSIS = YES;
				CLANG_WARN_STRICT_PROTOTYPES = YES;
				CLANG_WARN_SUSPICIOUS_MOVE = YES;
				CLANG_WARN_UNGUARDED_AVAILABILITY = YES_AGGRESSIVE;
				CLANG_WARN_UNREACHABLE_CODE = YES;
				CLANG_WARN__DUPLICATE_METHOD_MATCH = YES;
				COPY_PHASE_STRIP = NO;
				DEBUG_INFORMATION_FORMAT = "dwarf-with-dsym";
				ENABLE_NS_ASSERTIONS = NO;
				ENABLE_STRICT_OBJC_MSGSEND = YES;
				GCC_C_LANGUAGE_STANDARD = gnu11;
				GCC_NO_COMMON_BLOCKS = YES;
				GCC_WARN_64_TO_32_BIT_CONVERSION = YES;
				GCC_WARN_ABOUT_RETURN_TYPE = YES_ERROR;
				GCC_WARN_UNDECLARED_SELECTOR = YES;
				GCC_WARN_UNINITIALIZED_AUTOS = YES_AGGRESSIVE;
				GCC_WARN_UNUSED_FUNCTION = YES;
				GCC_WARN_UNUSED_VARIABLE = YES;
				IPHONEOS_DEPLOYMENT_TARGET = 15.2;
				MTL_ENABLE_DEBUG_INFO = NO;
				MTL_FAST_MATH = YES;
				SDKROOT = iphoneos;
				SWIFT_COMPILATION_MODE = wholemodule;
				SWIFT_OPTIMIZATION_LEVEL = "-O";
				VALIDATE_PRODUCT = YES;
			};
			name = Release;
		};
		6589036E27C753E2001A76B9 /* Debug */ = {
			isa = XCBuildConfiguration;
			buildSettings = {
				ASSETCATALOG_COMPILER_APPICON_NAME = AppIcon;
				ASSETCATALOG_COMPILER_GLOBAL_ACCENT_COLOR_NAME = AccentColor;
				CODE_SIGN_STYLE = Automatic;
				CURRENT_PROJECT_VERSION = 1;
				DEVELOPMENT_TEAM = U5F242W6NH;
				GENERATE_INFOPLIST_FILE = YES;
				INFOPLIST_FILE = EarlierBird/Resources/Info.plist;
				INFOPLIST_KEY_CFBundleDisplayName = EarlierBird;
				INFOPLIST_KEY_UIApplicationSupportsIndirectInputEvents = YES;
				INFOPLIST_KEY_UILaunchStoryboardName = LaunchScreen;
				INFOPLIST_KEY_UISupportedInterfaceOrientations = UIInterfaceOrientationPortrait;
				INFOPLIST_KEY_UISupportedInterfaceOrientations_iPad = "UIInterfaceOrientationPortrait UIInterfaceOrientationPortraitUpsideDown UIInterfaceOrientationLandscapeLeft UIInterfaceOrientationLandscapeRight";
				INFOPLIST_KEY_UISupportedInterfaceOrientations_iPhone = "UIInterfaceOrientationPortrait UIInterfaceOrientationLandscapeLeft UIInterfaceOrientationLandscapeRight";
				IPHONEOS_DEPLOYMENT_TARGET = 13.0;
				LD_RUNPATH_SEARCH_PATHS = (
					"$(inherited)",
					"@executable_path/Frameworks",
				);
				MARKETING_VERSION = 1.0;
				PRODUCT_BUNDLE_IDENTIFIER = com.gracheff.EarlierBird;
				PRODUCT_NAME = "$(TARGET_NAME)";
				SWIFT_EMIT_LOC_STRINGS = YES;
				SWIFT_VERSION = 5.0;
				TARGETED_DEVICE_FAMILY = "1,2";
			};
			name = Debug;
		};
		6589036F27C753E2001A76B9 /* Release */ = {
			isa = XCBuildConfiguration;
			buildSettings = {
				ASSETCATALOG_COMPILER_APPICON_NAME = AppIcon;
				ASSETCATALOG_COMPILER_GLOBAL_ACCENT_COLOR_NAME = AccentColor;
				CODE_SIGN_STYLE = Automatic;
				CURRENT_PROJECT_VERSION = 1;
				DEVELOPMENT_TEAM = U5F242W6NH;
				GENERATE_INFOPLIST_FILE = YES;
				INFOPLIST_FILE = EarlierBird/Resources/Info.plist;
				INFOPLIST_KEY_CFBundleDisplayName = EarlierBird;
				INFOPLIST_KEY_UIApplicationSupportsIndirectInputEvents = YES;
				INFOPLIST_KEY_UILaunchStoryboardName = LaunchScreen;
				INFOPLIST_KEY_UISupportedInterfaceOrientations = UIInterfaceOrientationPortrait;
				INFOPLIST_KEY_UISupportedInterfaceOrientations_iPad = "UIInterfaceOrientationPortrait UIInterfaceOrientationPortraitUpsideDown UIInterfaceOrientationLandscapeLeft UIInterfaceOrientationLandscapeRight";
				INFOPLIST_KEY_UISupportedInterfaceOrientations_iPhone = "UIInterfaceOrientationPortrait UIInterfaceOrientationLandscapeLeft UIInterfaceOrientationLandscapeRight";
				IPHONEOS_DEPLOYMENT_TARGET = 13.0;
				LD_RUNPATH_SEARCH_PATHS = (
					"$(inherited)",
					"@executable_path/Frameworks",
				);
				MARKETING_VERSION = 1.0;
				PRODUCT_BUNDLE_IDENTIFIER = com.gracheff.EarlierBird;
				PRODUCT_NAME = "$(TARGET_NAME)";
				SWIFT_EMIT_LOC_STRINGS = YES;
				SWIFT_VERSION = 5.0;
				TARGETED_DEVICE_FAMILY = "1,2";
			};
			name = Release;
		};
		6589037127C753E2001A76B9 /* Debug */ = {
			isa = XCBuildConfiguration;
			buildSettings = {
				ALWAYS_EMBED_SWIFT_STANDARD_LIBRARIES = YES;
				BUNDLE_LOADER = "$(TEST_HOST)";
				CODE_SIGN_STYLE = Automatic;
				CURRENT_PROJECT_VERSION = 1;
				DEVELOPMENT_TEAM = U5F242W6NH;
				GENERATE_INFOPLIST_FILE = YES;
				IPHONEOS_DEPLOYMENT_TARGET = 15.2;
				MARKETING_VERSION = 1.0;
				PRODUCT_BUNDLE_IDENTIFIER = com.gracheff.ErlierBirdTests;
				PRODUCT_NAME = "$(TARGET_NAME)";
				SWIFT_EMIT_LOC_STRINGS = NO;
				SWIFT_VERSION = 5.0;
				TARGETED_DEVICE_FAMILY = "1,2";
				TEST_HOST = "$(BUILT_PRODUCTS_DIR)/EarlierBird.app/EarlierBird";
			};
			name = Debug;
		};
		6589037227C753E2001A76B9 /* Release */ = {
			isa = XCBuildConfiguration;
			buildSettings = {
				ALWAYS_EMBED_SWIFT_STANDARD_LIBRARIES = YES;
				BUNDLE_LOADER = "$(TEST_HOST)";
				CODE_SIGN_STYLE = Automatic;
				CURRENT_PROJECT_VERSION = 1;
				DEVELOPMENT_TEAM = U5F242W6NH;
				GENERATE_INFOPLIST_FILE = YES;
				IPHONEOS_DEPLOYMENT_TARGET = 15.2;
				MARKETING_VERSION = 1.0;
				PRODUCT_BUNDLE_IDENTIFIER = com.gracheff.ErlierBirdTests;
				PRODUCT_NAME = "$(TARGET_NAME)";
				SWIFT_EMIT_LOC_STRINGS = NO;
				SWIFT_VERSION = 5.0;
				TARGETED_DEVICE_FAMILY = "1,2";
				TEST_HOST = "$(BUILT_PRODUCTS_DIR)/EarlierBird.app/EarlierBird";
			};
			name = Release;
		};
		6589037427C753E2001A76B9 /* Debug */ = {
			isa = XCBuildConfiguration;
			buildSettings = {
				ALWAYS_EMBED_SWIFT_STANDARD_LIBRARIES = YES;
				CODE_SIGN_STYLE = Automatic;
				CURRENT_PROJECT_VERSION = 1;
				DEVELOPMENT_TEAM = U5F242W6NH;
				GENERATE_INFOPLIST_FILE = YES;
				MARKETING_VERSION = 1.0;
				PRODUCT_BUNDLE_IDENTIFIER = com.gracheff.ErlierBirdUITests;
				PRODUCT_NAME = "$(TARGET_NAME)";
				SWIFT_EMIT_LOC_STRINGS = NO;
				SWIFT_VERSION = 5.0;
				TARGETED_DEVICE_FAMILY = "1,2";
				TEST_TARGET_NAME = ErlierBird;
			};
			name = Debug;
		};
		6589037527C753E2001A76B9 /* Release */ = {
			isa = XCBuildConfiguration;
			buildSettings = {
				ALWAYS_EMBED_SWIFT_STANDARD_LIBRARIES = YES;
				CODE_SIGN_STYLE = Automatic;
				CURRENT_PROJECT_VERSION = 1;
				DEVELOPMENT_TEAM = U5F242W6NH;
				GENERATE_INFOPLIST_FILE = YES;
				MARKETING_VERSION = 1.0;
				PRODUCT_BUNDLE_IDENTIFIER = com.gracheff.ErlierBirdUITests;
				PRODUCT_NAME = "$(TARGET_NAME)";
				SWIFT_EMIT_LOC_STRINGS = NO;
				SWIFT_VERSION = 5.0;
				TARGETED_DEVICE_FAMILY = "1,2";
				TEST_TARGET_NAME = ErlierBird;
			};
			name = Release;
		};
/* End XCBuildConfiguration section */

/* Begin XCConfigurationList section */
		6589033E27C753DC001A76B9 /* Build configuration list for PBXProject "EarlierBird" */ = {
			isa = XCConfigurationList;
			buildConfigurations = (
				6589036B27C753E2001A76B9 /* Debug */,
				6589036C27C753E2001A76B9 /* Release */,
			);
			defaultConfigurationIsVisible = 0;
			defaultConfigurationName = Release;
		};
		6589036D27C753E2001A76B9 /* Build configuration list for PBXNativeTarget "EarlierBird" */ = {
			isa = XCConfigurationList;
			buildConfigurations = (
				6589036E27C753E2001A76B9 /* Debug */,
				6589036F27C753E2001A76B9 /* Release */,
			);
			defaultConfigurationIsVisible = 0;
			defaultConfigurationName = Release;
		};
		6589037027C753E2001A76B9 /* Build configuration list for PBXNativeTarget "EarlierBirdTests" */ = {
			isa = XCConfigurationList;
			buildConfigurations = (
				6589037127C753E2001A76B9 /* Debug */,
				6589037227C753E2001A76B9 /* Release */,
			);
			defaultConfigurationIsVisible = 0;
			defaultConfigurationName = Release;
		};
		6589037327C753E2001A76B9 /* Build configuration list for PBXNativeTarget "EarlierBirdUITests" */ = {
			isa = XCConfigurationList;
			buildConfigurations = (
				6589037427C753E2001A76B9 /* Debug */,
				6589037527C753E2001A76B9 /* Release */,
			);
			defaultConfigurationIsVisible = 0;
			defaultConfigurationName = Release;
		};
/* End XCConfigurationList section */
	};
	rootObject = 6589033B27C753DC001A76B9 /* Project object */;
}
