// !$*UTF8*$!
{
	archiveVersion = 1;
	classes = {
	};
	objectVersion = 55;
	objects = {

/* Begin PBXBuildFile section */
		6589034727C753DC001A76B9 /* AppDelegate.swift in Sources */ = {isa = PBXBuildFile; fileRef = 6589034627C753DC001A76B9 /* AppDelegate.swift */; };
		6589034927C753DC001A76B9 /* SceneDelegate.swift in Sources */ = {isa = PBXBuildFile; fileRef = 6589034827C753DC001A76B9 /* SceneDelegate.swift */; };
		6589034B27C753DC001A76B9 /* ViewController.swift in Sources */ = {isa = PBXBuildFile; fileRef = 6589034A27C753DC001A76B9 /* ViewController.swift */; };
		6589034E27C753DC001A76B9 /* Main.storyboard in Resources */ = {isa = PBXBuildFile; fileRef = 6589034C27C753DC001A76B9 /* Main.storyboard */; };
		6589035027C753E1001A76B9 /* Assets.xcassets in Resources */ = {isa = PBXBuildFile; fileRef = 6589034F27C753E1001A76B9 /* Assets.xcassets */; };
		6589035327C753E1001A76B9 /* LaunchScreen.storyboard in Resources */ = {isa = PBXBuildFile; fileRef = 6589035127C753E1001A76B9 /* LaunchScreen.storyboard */; };
		6589035E27C753E2001A76B9 /* ErlierBirdTests.swift in Sources */ = {isa = PBXBuildFile; fileRef = 6589035D27C753E2001A76B9 /* ErlierBirdTests.swift */; };
		6589036827C753E2001A76B9 /* ErlierBirdUITests.swift in Sources */ = {isa = PBXBuildFile; fileRef = 6589036727C753E2001A76B9 /* ErlierBirdUITests.swift */; };
		6589036A27C753E2001A76B9 /* ErlierBirdUITestsLaunchTests.swift in Sources */ = {isa = PBXBuildFile; fileRef = 6589036927C753E2001A76B9 /* ErlierBirdUITestsLaunchTests.swift */; };
/* End PBXBuildFile section */

/* Begin PBXContainerItemProxy section */
		6589035A27C753E2001A76B9 /* PBXContainerItemProxy */ = {
			isa = PBXContainerItemProxy;
			containerPortal = 6589033B27C753DC001A76B9 /* Project object */;
			proxyType = 1;
			remoteGlobalIDString = 6589034227C753DC001A76B9;
			remoteInfo = ErlierBird;
		};
		6589036427C753E2001A76B9 /* PBXContainerItemProxy */ = {
			isa = PBXContainerItemProxy;
			containerPortal = 6589033B27C753DC001A76B9 /* Project object */;
			proxyType = 1;
			remoteGlobalIDString = 6589034227C753DC001A76B9;
			remoteInfo = ErlierBird;
		};
/* End PBXContainerItemProxy section */

/* Begin PBXFileReference section */
		6589034327C753DC001A76B9 /* ErlierBird.app */ = {isa = PBXFileReference; explicitFileType = wrapper.application; includeInIndex = 0; path = ErlierBird.app; sourceTree = BUILT_PRODUCTS_DIR; };
		6589034627C753DC001A76B9 /* AppDelegate.swift */ = {isa = PBXFileReference; lastKnownFileType = sourcecode.swift; path = AppDelegate.swift; sourceTree = "<group>"; };
		6589034827C753DC001A76B9 /* SceneDelegate.swift */ = {isa = PBXFileReference; lastKnownFileType = sourcecode.swift; path = SceneDelegate.swift; sourceTree = "<group>"; };
		6589034A27C753DC001A76B9 /* ViewController.swift */ = {isa = PBXFileReference; lastKnownFileType = sourcecode.swift; path = ViewController.swift; sourceTree = "<group>"; };
		6589034D27C753DC001A76B9 /* Base */ = {isa = PBXFileReference; lastKnownFileType = file.storyboard; name = Base; path = Base.lproj/Main.storyboard; sourceTree = "<group>"; };
		6589034F27C753E1001A76B9 /* Assets.xcassets */ = {isa = PBXFileReference; lastKnownFileType = folder.assetcatalog; path = Assets.xcassets; sourceTree = "<group>"; };
		6589035227C753E1001A76B9 /* Base */ = {isa = PBXFileReference; lastKnownFileType = file.storyboard; name = Base; path = Base.lproj/LaunchScreen.storyboard; sourceTree = "<group>"; };
		6589035427C753E1001A76B9 /* Info.plist */ = {isa = PBXFileReference; lastKnownFileType = text.plist.xml; path = Info.plist; sourceTree = "<group>"; };
		6589035927C753E2001A76B9 /* ErlierBirdTests.xctest */ = {isa = PBXFileReference; explicitFileType = wrapper.cfbundle; includeInIndex = 0; path = ErlierBirdTests.xctest; sourceTree = BUILT_PRODUCTS_DIR; };
		6589035D27C753E2001A76B9 /* ErlierBirdTests.swift */ = {isa = PBXFileReference; lastKnownFileType = sourcecode.swift; path = ErlierBirdTests.swift; sourceTree = "<group>"; };
		6589036327C753E2001A76B9 /* ErlierBirdUITests.xctest */ = {isa = PBXFileReference; explicitFileType = wrapper.cfbundle; includeInIndex = 0; path = ErlierBirdUITests.xctest; sourceTree = BUILT_PRODUCTS_DIR; };
		6589036727C753E2001A76B9 /* ErlierBirdUITests.swift */ = {isa = PBXFileReference; lastKnownFileType = sourcecode.swift; path = ErlierBirdUITests.swift; sourceTree = "<group>"; };
		6589036927C753E2001A76B9 /* ErlierBirdUITestsLaunchTests.swift */ = {isa = PBXFileReference; lastKnownFileType = sourcecode.swift; path = ErlierBirdUITestsLaunchTests.swift; sourceTree = "<group>"; };
/* End PBXFileReference section */

/* Begin PBXFrameworksBuildPhase section */
		6589034027C753DC001A76B9 /* Frameworks */ = {
			isa = PBXFrameworksBuildPhase;
			buildActionMask = 2147483647;
			files = (
			);
			runOnlyForDeploymentPostprocessing = 0;
		};
		6589035627C753E2001A76B9 /* Frameworks */ = {
			isa = PBXFrameworksBuildPhase;
			buildActionMask = 2147483647;
			files = (
			);
			runOnlyForDeploymentPostprocessing = 0;
		};
		6589036027C753E2001A76B9 /* Frameworks */ = {
			isa = PBXFrameworksBuildPhase;
			buildActionMask = 2147483647;
			files = (
			);
			runOnlyForDeploymentPostprocessing = 0;
		};
/* End PBXFrameworksBuildPhase section */

/* Begin PBXGroup section */
		6589033A27C753DC001A76B9 = {
			isa = PBXGroup;
			children = (
				6589034527C753DC001A76B9 /* ErlierBird */,
				6589035C27C753E2001A76B9 /* ErlierBirdTests */,
				6589036627C753E2001A76B9 /* ErlierBirdUITests */,
				6589034427C753DC001A76B9 /* Products */,
			);
			sourceTree = "<group>";
		};
		6589034427C753DC001A76B9 /* Products */ = {
			isa = PBXGroup;
			children = (
				6589034327C753DC001A76B9 /* ErlierBird.app */,
				6589035927C753E2001A76B9 /* ErlierBirdTests.xctest */,
				6589036327C753E2001A76B9 /* ErlierBirdUITests.xctest */,
			);
			name = Products;
			sourceTree = "<group>";
		};
		6589034527C753DC001A76B9 /* ErlierBird */ = {
			isa = PBXGroup;
			children = (
				6589034627C753DC001A76B9 /* AppDelegate.swift */,
				6589034827C753DC001A76B9 /* SceneDelegate.swift */,
				6589034A27C753DC001A76B9 /* ViewController.swift */,
				6589034C27C753DC001A76B9 /* Main.storyboard */,
				6589034F27C753E1001A76B9 /* Assets.xcassets */,
				6589035127C753E1001A76B9 /* LaunchScreen.storyboard */,
				6589035427C753E1001A76B9 /* Info.plist */,
			);
			path = ErlierBird;
			sourceTree = "<group>";
		};
		6589035C27C753E2001A76B9 /* ErlierBirdTests */ = {
			isa = PBXGroup;
			children = (
				6589035D27C753E2001A76B9 /* ErlierBirdTests.swift */,
			);
			path = ErlierBirdTests;
			sourceTree = "<group>";
		};
		6589036627C753E2001A76B9 /* ErlierBirdUITests */ = {
			isa = PBXGroup;
			children = (
				6589036727C753E2001A76B9 /* ErlierBirdUITests.swift */,
				6589036927C753E2001A76B9 /* ErlierBirdUITestsLaunchTests.swift */,
			);
			path = ErlierBirdUITests;
			sourceTree = "<group>";
		};
/* End PBXGroup section */

/* Begin PBXNativeTarget section */
		6589034227C753DC001A76B9 /* ErlierBird */ = {
			isa = PBXNativeTarget;
			buildConfigurationList = 6589036D27C753E2001A76B9 /* Build configuration list for PBXNativeTarget "ErlierBird" */;
			buildPhases = (
				6589033F27C753DC001A76B9 /* Sources */,
				6589034027C753DC001A76B9 /* Frameworks */,
				6589034127C753DC001A76B9 /* Resources */,
			);
			buildRules = (
			);
			dependencies = (
			);
			name = ErlierBird;
			productName = ErlierBird;
			productReference = 6589034327C753DC001A76B9 /* ErlierBird.app */;
			productType = "com.apple.product-type.application";
		};
		6589035827C753E2001A76B9 /* ErlierBirdTests */ = {
			isa = PBXNativeTarget;
			buildConfigurationList = 6589037027C753E2001A76B9 /* Build configuration list for PBXNativeTarget "ErlierBirdTests" */;
			buildPhases = (
				6589035527C753E2001A76B9 /* Sources */,
				6589035627C753E2001A76B9 /* Frameworks */,
				6589035727C753E2001A76B9 /* Resources */,
			);
			buildRules = (
			);
			dependencies = (
				6589035B27C753E2001A76B9 /* PBXTargetDependency */,
			);
			name = ErlierBirdTests;
			productName = ErlierBirdTests;
			productReference = 6589035927C753E2001A76B9 /* ErlierBirdTests.xctest */;
			productType = "com.apple.product-type.bundle.unit-test";
		};
		6589036227C753E2001A76B9 /* ErlierBirdUITests */ = {
			isa = PBXNativeTarget;
			buildConfigurationList = 6589037327C753E2001A76B9 /* Build configuration list for PBXNativeTarget "ErlierBirdUITests" */;
			buildPhases = (
				6589035F27C753E2001A76B9 /* Sources */,
				6589036027C753E2001A76B9 /* Frameworks */,
				6589036127C753E2001A76B9 /* Resources */,
			);
			buildRules = (
			);
			dependencies = (
				6589036527C753E2001A76B9 /* PBXTargetDependency */,
			);
			name = ErlierBirdUITests;
			productName = ErlierBirdUITests;
			productReference = 6589036327C753E2001A76B9 /* ErlierBirdUITests.xctest */;
			productType = "com.apple.product-type.bundle.ui-testing";
		};
/* End PBXNativeTarget section */

/* Begin PBXProject section */
		6589033B27C753DC001A76B9 /* Project object */ = {
			isa = PBXProject;
			attributes = {
				BuildIndependentTargetsInParallel = 1;
				LastSwiftUpdateCheck = 1320;
				LastUpgradeCheck = 1320;
				TargetAttributes = {
					6589034227C753DC001A76B9 = {
						CreatedOnToolsVersion = 13.2.1;
					};
					6589035827C753E2001A76B9 = {
						CreatedOnToolsVersion = 13.2.1;
						TestTargetID = 6589034227C753DC001A76B9;
					};
					6589036227C753E2001A76B9 = {
						CreatedOnToolsVersion = 13.2.1;
						TestTargetID = 6589034227C753DC001A76B9;
					};
				};
			};
			buildConfigurationList = 6589033E27C753DC001A76B9 /* Build configuration list for PBXProject "ErlierBird" */;
			compatibilityVersion = "Xcode 13.0";
			developmentRegion = en;
			hasScannedForEncodings = 0;
			knownRegions = (
				en,
				Base,
			);
			mainGroup = 6589033A27C753DC001A76B9;
			productRefGroup = 6589034427C753DC001A76B9 /* Products */;
			projectDirPath = "";
			projectRoot = "";
			targets = (
				6589034227C753DC001A76B9 /* ErlierBird */,
				6589035827C753E2001A76B9 /* ErlierBirdTests */,
				6589036227C753E2001A76B9 /* ErlierBirdUITests */,
			);
		};
/* End PBXProject section */

/* Begin PBXResourcesBuildPhase section */
		6589034127C753DC001A76B9 /* Resources */ = {
			isa = PBXResourcesBuildPhase;
			buildActionMask = 2147483647;
			files = (
				6589035327C753E1001A76B9 /* LaunchScreen.storyboard in Resources */,
				6589035027C753E1001A76B9 /* Assets.xcassets in Resources */,
				6589034E27C753DC001A76B9 /* Main.storyboard in Resources */,
			);
			runOnlyForDeploymentPostprocessing = 0;
		};
		6589035727C753E2001A76B9 /* Resources */ = {
			isa = PBXResourcesBuildPhase;
			buildActionMask = 2147483647;
			files = (
			);
			runOnlyForDeploymentPostprocessing = 0;
		};
		6589036127C753E2001A76B9 /* Resources */ = {
			isa = PBXResourcesBuildPhase;
			buildActionMask = 2147483647;
			files = (
			);
			runOnlyForDeploymentPostprocessing = 0;
		};
/* End PBXResourcesBuildPhase section */

/* Begin PBXSourcesBuildPhase section */
		6589033F27C753DC001A76B9 /* Sources */ = {
			isa = PBXSourcesBuildPhase;
			buildActionMask = 2147483647;
			files = (
				6589034B27C753DC001A76B9 /* ViewController.swift in Sources */,
				6589034727C753DC001A76B9 /* AppDelegate.swift in Sources */,
				6589034927C753DC001A76B9 /* SceneDelegate.swift in Sources */,
			);
			runOnlyForDeploymentPostprocessing = 0;
		};
		6589035527C753E2001A76B9 /* Sources */ = {
			isa = PBXSourcesBuildPhase;
			buildActionMask = 2147483647;
			files = (
				6589035E27C753E2001A76B9 /* ErlierBirdTests.swift in Sources */,
			);
			runOnlyForDeploymentPostprocessing = 0;
		};
		6589035F27C753E2001A76B9 /* Sources */ = {
			isa = PBXSourcesBuildPhase;
			buildActionMask = 2147483647;
			files = (
				6589036A27C753E2001A76B9 /* ErlierBirdUITestsLaunchTests.swift in Sources */,
				6589036827C753E2001A76B9 /* ErlierBirdUITests.swift in Sources */,
			);
			runOnlyForDeploymentPostprocessing = 0;
		};
/* End PBXSourcesBuildPhase section */

/* Begin PBXTargetDependency section */
		6589035B27C753E2001A76B9 /* PBXTargetDependency */ = {
			isa = PBXTargetDependency;
			target = 6589034227C753DC001A76B9 /* ErlierBird */;
			targetProxy = 6589035A27C753E2001A76B9 /* PBXContainerItemProxy */;
		};
		6589036527C753E2001A76B9 /* PBXTargetDependency */ = {
			isa = PBXTargetDependency;
			target = 6589034227C753DC001A76B9 /* ErlierBird */;
			targetProxy = 6589036427C753E2001A76B9 /* PBXContainerItemProxy */;
		};
/* End PBXTargetDependency section */

/* Begin PBXVariantGroup section */
		6589034C27C753DC001A76B9 /* Main.storyboard */ = {
			isa = PBXVariantGroup;
			children = (
				6589034D27C753DC001A76B9 /* Base */,
			);
			name = Main.storyboard;
			sourceTree = "<group>";
		};
		6589035127C753E1001A76B9 /* LaunchScreen.storyboard */ = {
			isa = PBXVariantGroup;
			children = (
				6589035227C753E1001A76B9 /* Base */,
			);
			name = LaunchScreen.storyboard;
			sourceTree = "<group>";
		};
/* End PBXVariantGroup section */

/* Begin XCBuildConfiguration section */
		6589036B27C753E2001A76B9 /* Debug */ = {
			isa = XCBuildConfiguration;
			buildSettings = {
				ALWAYS_SEARCH_USER_PATHS = NO;
				CLANG_ANALYZER_NONNULL = YES;
				CLANG_ANALYZER_NUMBER_OBJECT_CONVERSION = YES_AGGRESSIVE;
				CLANG_CXX_LANGUAGE_STANDARD = "gnu++17";
				CLANG_CXX_LIBRARY = "libc++";
				CLANG_ENABLE_MODULES = YES;
				CLANG_ENABLE_OBJC_ARC = YES;
				CLANG_ENABLE_OBJC_WEAK = YES;
				CLANG_WARN_BLOCK_CAPTURE_AUTORELEASING = YES;
				CLANG_WARN_BOOL_CONVERSION = YES;
				CLANG_WARN_COMMA = YES;
				CLANG_WARN_CONSTANT_CONVERSION = YES;
				CLANG_WARN_DEPRECATED_OBJC_IMPLEMENTATIONS = YES;
				CLANG_WARN_DIRECT_OBJC_ISA_USAGE = YES_ERROR;
				CLANG_WARN_DOCUMENTATION_COMMENTS = YES;
				CLANG_WARN_EMPTY_BODY = YES;
				CLANG_WARN_ENUM_CONVERSION = YES;
				CLANG_WARN_INFINITE_RECURSION = YES;
				CLANG_WARN_INT_CONVERSION = YES;
				CLANG_WARN_NON_LITERAL_NULL_CONVERSION = YES;
				CLANG_WARN_OBJC_IMPLICIT_RETAIN_SELF = YES;
				CLANG_WARN_OBJC_LITERAL_CONVERSION = YES;
				CLANG_WARN_OBJC_ROOT_CLASS = YES_ERROR;
				CLANG_WARN_QUOTED_INCLUDE_IN_FRAMEWORK_HEADER = YES;
				CLANG_WARN_RANGE_LOOP_ANALYSIS = YES;
				CLANG_WARN_STRICT_PROTOTYPES = YES;
				CLANG_WARN_SUSPICIOUS_MOVE = YES;
				CLANG_WARN_UNGUARDED_AVAILABILITY = YES_AGGRESSIVE;
				CLANG_WARN_UNREACHABLE_CODE = YES;
				CLANG_WARN__DUPLICATE_METHOD_MATCH = YES;
				COPY_PHASE_STRIP = NO;
				DEBUG_INFORMATION_FORMAT = dwarf;
				ENABLE_STRICT_OBJC_MSGSEND = YES;
				ENABLE_TESTABILITY = YES;
				GCC_C_LANGUAGE_STANDARD = gnu11;
				GCC_DYNAMIC_NO_PIC = NO;
				GCC_NO_COMMON_BLOCKS = YES;
				GCC_OPTIMIZATION_LEVEL = 0;
				GCC_PREPROCESSOR_DEFINITIONS = (
					"DEBUG=1",
					"$(inherited)",
				);
				GCC_WARN_64_TO_32_BIT_CONVERSION = YES;
				GCC_WARN_ABOUT_RETURN_TYPE = YES_ERROR;
				GCC_WARN_UNDECLARED_SELECTOR = YES;
				GCC_WARN_UNINITIALIZED_AUTOS = YES_AGGRESSIVE;
				GCC_WARN_UNUSED_FUNCTION = YES;
				GCC_WARN_UNUSED_VARIABLE = YES;
				IPHONEOS_DEPLOYMENT_TARGET = 15.2;
				MTL_ENABLE_DEBUG_INFO = INCLUDE_SOURCE;
				MTL_FAST_MATH = YES;
				ONLY_ACTIVE_ARCH = YES;
				SDKROOT = iphoneos;
				SWIFT_ACTIVE_COMPILATION_CONDITIONS = DEBUG;
				SWIFT_OPTIMIZATION_LEVEL = "-Onone";
			};
			name = Debug;
		};
		6589036C27C753E2001A76B9 /* Release */ = {
			isa = XCBuildConfiguration;
			buildSettings = {
				ALWAYS_SEARCH_USER_PATHS = NO;
				CLANG_ANALYZER_NONNULL = YES;
				CLANG_ANALYZER_NUMBER_OBJECT_CONVERSION = YES_AGGRESSIVE;
				CLANG_CXX_LANGUAGE_STANDARD = "gnu++17";
				CLANG_CXX_LIBRARY = "libc++";
				CLANG_ENABLE_MODULES = YES;
				CLANG_ENABLE_OBJC_ARC = YES;
				CLANG_ENABLE_OBJC_WEAK = YES;
				CLANG_WARN_BLOCK_CAPTURE_AUTORELEASING = YES;
				CLANG_WARN_BOOL_CONVERSION = YES;
				CLANG_WARN_COMMA = YES;
				CLANG_WARN_CONSTANT_CONVERSION = YES;
				CLANG_WARN_DEPRECATED_OBJC_IMPLEMENTATIONS = YES;
				CLANG_WARN_DIRECT_OBJC_ISA_USAGE = YES_ERROR;
				CLANG_WARN_DOCUMENTATION_COMMENTS = YES;
				CLANG_WARN_EMPTY_BODY = YES;
				CLANG_WARN_ENUM_CONVERSION = YES;
				CLANG_WARN_INFINITE_RECURSION = YES;
				CLANG_WARN_INT_CONVERSION = YES;
				CLANG_WARN_NON_LITERAL_NULL_CONVERSION = YES;
				CLANG_WARN_OBJC_IMPLICIT_RETAIN_SELF = YES;
				CLANG_WARN_OBJC_LITERAL_CONVERSION = YES;
				CLANG_WARN_OBJC_ROOT_CLASS = YES_ERROR;
				CLANG_WARN_QUOTED_INCLUDE_IN_FRAMEWORK_HEADER = YES;
				CLANG_WARN_RANGE_LOOP_ANALYSIS = YES;
				CLANG_WARN_STRICT_PROTOTYPES = YES;
				CLANG_WARN_SUSPICIOUS_MOVE = YES;
				CLANG_WARN_UNGUARDED_AVAILABILITY = YES_AGGRESSIVE;
				CLANG_WARN_UNREACHABLE_CODE = YES;
				CLANG_WARN__DUPLICATE_METHOD_MATCH = YES;
				COPY_PHASE_STRIP = NO;
				DEBUG_INFORMATION_FORMAT = "dwarf-with-dsym";
				ENABLE_NS_ASSERTIONS = NO;
				ENABLE_STRICT_OBJC_MSGSEND = YES;
				GCC_C_LANGUAGE_STANDARD = gnu11;
				GCC_NO_COMMON_BLOCKS = YES;
				GCC_WARN_64_TO_32_BIT_CONVERSION = YES;
				GCC_WARN_ABOUT_RETURN_TYPE = YES_ERROR;
				GCC_WARN_UNDECLARED_SELECTOR = YES;
				GCC_WARN_UNINITIALIZED_AUTOS = YES_AGGRESSIVE;
				GCC_WARN_UNUSED_FUNCTION = YES;
				GCC_WARN_UNUSED_VARIABLE = YES;
				IPHONEOS_DEPLOYMENT_TARGET = 15.2;
				MTL_ENABLE_DEBUG_INFO = NO;
				MTL_FAST_MATH = YES;
				SDKROOT = iphoneos;
				SWIFT_COMPILATION_MODE = wholemodule;
				SWIFT_OPTIMIZATION_LEVEL = "-O";
				VALIDATE_PRODUCT = YES;
			};
			name = Release;
		};
		6589036E27C753E2001A76B9 /* Debug */ = {
			isa = XCBuildConfiguration;
			buildSettings = {
				ASSETCATALOG_COMPILER_APPICON_NAME = AppIcon;
				ASSETCATALOG_COMPILER_GLOBAL_ACCENT_COLOR_NAME = AccentColor;
				CODE_SIGN_STYLE = Automatic;
				CURRENT_PROJECT_VERSION = 1;
				DEVELOPMENT_TEAM = U5F242W6NH;
				GENERATE_INFOPLIST_FILE = YES;
				INFOPLIST_FILE = ErlierBird/Info.plist;
				INFOPLIST_KEY_UIApplicationSupportsIndirectInputEvents = YES;
				INFOPLIST_KEY_UILaunchStoryboardName = LaunchScreen;
				INFOPLIST_KEY_UIMainStoryboardFile = Main;
				INFOPLIST_KEY_UISupportedInterfaceOrientations_iPad = "UIInterfaceOrientationPortrait UIInterfaceOrientationPortraitUpsideDown UIInterfaceOrientationLandscapeLeft UIInterfaceOrientationLandscapeRight";
				INFOPLIST_KEY_UISupportedInterfaceOrientations_iPhone = "UIInterfaceOrientationPortrait UIInterfaceOrientationLandscapeLeft UIInterfaceOrientationLandscapeRight";
				LD_RUNPATH_SEARCH_PATHS = (
					"$(inherited)",
					"@executable_path/Frameworks",
				);
				MARKETING_VERSION = 1.0;
				PRODUCT_BUNDLE_IDENTIFIER = com.gracheff.ErlierBird;
				PRODUCT_NAME = "$(TARGET_NAME)";
				SWIFT_EMIT_LOC_STRINGS = YES;
				SWIFT_VERSION = 5.0;
				TARGETED_DEVICE_FAMILY = "1,2";
			};
			name = Debug;
		};
		6589036F27C753E2001A76B9 /* Release */ = {
			isa = XCBuildConfiguration;
			buildSettings = {
				ASSETCATALOG_COMPILER_APPICON_NAME = AppIcon;
				ASSETCATALOG_COMPILER_GLOBAL_ACCENT_COLOR_NAME = AccentColor;
				CODE_SIGN_STYLE = Automatic;
				CURRENT_PROJECT_VERSION = 1;
				DEVELOPMENT_TEAM = U5F242W6NH;
				GENERATE_INFOPLIST_FILE = YES;
				INFOPLIST_FILE = ErlierBird/Info.plist;
				INFOPLIST_KEY_UIApplicationSupportsIndirectInputEvents = YES;
				INFOPLIST_KEY_UILaunchStoryboardName = LaunchScreen;
				INFOPLIST_KEY_UIMainStoryboardFile = Main;
				INFOPLIST_KEY_UISupportedInterfaceOrientations_iPad = "UIInterfaceOrientationPortrait UIInterfaceOrientationPortraitUpsideDown UIInterfaceOrientationLandscapeLeft UIInterfaceOrientationLandscapeRight";
				INFOPLIST_KEY_UISupportedInterfaceOrientations_iPhone = "UIInterfaceOrientationPortrait UIInterfaceOrientationLandscapeLeft UIInterfaceOrientationLandscapeRight";
				LD_RUNPATH_SEARCH_PATHS = (
					"$(inherited)",
					"@executable_path/Frameworks",
				);
				MARKETING_VERSION = 1.0;
				PRODUCT_BUNDLE_IDENTIFIER = com.gracheff.ErlierBird;
				PRODUCT_NAME = "$(TARGET_NAME)";
				SWIFT_EMIT_LOC_STRINGS = YES;
				SWIFT_VERSION = 5.0;
				TARGETED_DEVICE_FAMILY = "1,2";
			};
			name = Release;
		};
		6589037127C753E2001A76B9 /* Debug */ = {
			isa = XCBuildConfiguration;
			buildSettings = {
				ALWAYS_EMBED_SWIFT_STANDARD_LIBRARIES = YES;
				BUNDLE_LOADER = "$(TEST_HOST)";
				CODE_SIGN_STYLE = Automatic;
				CURRENT_PROJECT_VERSION = 1;
				DEVELOPMENT_TEAM = U5F242W6NH;
				GENERATE_INFOPLIST_FILE = YES;
				IPHONEOS_DEPLOYMENT_TARGET = 15.2;
				MARKETING_VERSION = 1.0;
				PRODUCT_BUNDLE_IDENTIFIER = com.gracheff.ErlierBirdTests;
				PRODUCT_NAME = "$(TARGET_NAME)";
				SWIFT_EMIT_LOC_STRINGS = NO;
				SWIFT_VERSION = 5.0;
				TARGETED_DEVICE_FAMILY = "1,2";
				TEST_HOST = "$(BUILT_PRODUCTS_DIR)/ErlierBird.app/ErlierBird";
			};
			name = Debug;
		};
		6589037227C753E2001A76B9 /* Release */ = {
			isa = XCBuildConfiguration;
			buildSettings = {
				ALWAYS_EMBED_SWIFT_STANDARD_LIBRARIES = YES;
				BUNDLE_LOADER = "$(TEST_HOST)";
				CODE_SIGN_STYLE = Automatic;
				CURRENT_PROJECT_VERSION = 1;
				DEVELOPMENT_TEAM = U5F242W6NH;
				GENERATE_INFOPLIST_FILE = YES;
				IPHONEOS_DEPLOYMENT_TARGET = 15.2;
				MARKETING_VERSION = 1.0;
				PRODUCT_BUNDLE_IDENTIFIER = com.gracheff.ErlierBirdTests;
				PRODUCT_NAME = "$(TARGET_NAME)";
				SWIFT_EMIT_LOC_STRINGS = NO;
				SWIFT_VERSION = 5.0;
				TARGETED_DEVICE_FAMILY = "1,2";
				TEST_HOST = "$(BUILT_PRODUCTS_DIR)/ErlierBird.app/ErlierBird";
			};
			name = Release;
		};
		6589037427C753E2001A76B9 /* Debug */ = {
			isa = XCBuildConfiguration;
			buildSettings = {
				ALWAYS_EMBED_SWIFT_STANDARD_LIBRARIES = YES;
				CODE_SIGN_STYLE = Automatic;
				CURRENT_PROJECT_VERSION = 1;
				DEVELOPMENT_TEAM = U5F242W6NH;
				GENERATE_INFOPLIST_FILE = YES;
				MARKETING_VERSION = 1.0;
				PRODUCT_BUNDLE_IDENTIFIER = com.gracheff.ErlierBirdUITests;
				PRODUCT_NAME = "$(TARGET_NAME)";
				SWIFT_EMIT_LOC_STRINGS = NO;
				SWIFT_VERSION = 5.0;
				TARGETED_DEVICE_FAMILY = "1,2";
				TEST_TARGET_NAME = ErlierBird;
			};
			name = Debug;
		};
		6589037527C753E2001A76B9 /* Release */ = {
			isa = XCBuildConfiguration;
			buildSettings = {
				ALWAYS_EMBED_SWIFT_STANDARD_LIBRARIES = YES;
				CODE_SIGN_STYLE = Automatic;
				CURRENT_PROJECT_VERSION = 1;
				DEVELOPMENT_TEAM = U5F242W6NH;
				GENERATE_INFOPLIST_FILE = YES;
				MARKETING_VERSION = 1.0;
				PRODUCT_BUNDLE_IDENTIFIER = com.gracheff.ErlierBirdUITests;
				PRODUCT_NAME = "$(TARGET_NAME)";
				SWIFT_EMIT_LOC_STRINGS = NO;
				SWIFT_VERSION = 5.0;
				TARGETED_DEVICE_FAMILY = "1,2";
				TEST_TARGET_NAME = ErlierBird;
			};
			name = Release;
		};
/* End XCBuildConfiguration section */

/* Begin XCConfigurationList section */
		6589033E27C753DC001A76B9 /* Build configuration list for PBXProject "ErlierBird" */ = {
			isa = XCConfigurationList;
			buildConfigurations = (
				6589036B27C753E2001A76B9 /* Debug */,
				6589036C27C753E2001A76B9 /* Release */,
			);
			defaultConfigurationIsVisible = 0;
			defaultConfigurationName = Release;
		};
		6589036D27C753E2001A76B9 /* Build configuration list for PBXNativeTarget "ErlierBird" */ = {
			isa = XCConfigurationList;
			buildConfigurations = (
				6589036E27C753E2001A76B9 /* Debug */,
				6589036F27C753E2001A76B9 /* Release */,
			);
			defaultConfigurationIsVisible = 0;
			defaultConfigurationName = Release;
		};
		6589037027C753E2001A76B9 /* Build configuration list for PBXNativeTarget "ErlierBirdTests" */ = {
			isa = XCConfigurationList;
			buildConfigurations = (
				6589037127C753E2001A76B9 /* Debug */,
				6589037227C753E2001A76B9 /* Release */,
			);
			defaultConfigurationIsVisible = 0;
			defaultConfigurationName = Release;
		};
		6589037327C753E2001A76B9 /* Build configuration list for PBXNativeTarget "ErlierBirdUITests" */ = {
			isa = XCConfigurationList;
			buildConfigurations = (
				6589037427C753E2001A76B9 /* Debug */,
				6589037527C753E2001A76B9 /* Release */,
			);
			defaultConfigurationIsVisible = 0;
			defaultConfigurationName = Release;
		};
/* End XCConfigurationList section */
	};
	rootObject = 6589033B27C753DC001A76B9 /* Project object */;
}
